<?xml version="1.0" encoding="utf-8"?>
<Project ToolsVersion="4.0" xmlns="http://schemas.microsoft.com/developer/msbuild/2003">
  <ItemGroup>
    <Filter Include="Source Files">
      <UniqueIdentifier>{4FC737F1-C7A5-4376-A066-2A32D752A2FF}</UniqueIdentifier>
      <Extensions>cpp;c;cc;cxx;def;odl;idl;hpj;bat;asm;asmx</Extensions>
    </Filter>
    <Filter Include="Shaders">
      <UniqueIdentifier>{cb10d755-ce77-41bf-8e53-49e4b91361e1}</UniqueIdentifier>
    </Filter>
    <Filter Include="Source Files\Ether">
      <UniqueIdentifier>{fd45bb26-6704-427c-ab6b-da7d94e628c6}</UniqueIdentifier>
    </Filter>
    <Filter Include="Source Files\Ether\Game Logic">
      <UniqueIdentifier>{d013e3b1-f49d-42f2-ad7e-fda96d59834e}</UniqueIdentifier>
    </Filter>
    <Filter Include="Shaders\DamageGen">
      <UniqueIdentifier>{f2cee1ca-6a59-4e6f-95b9-d935b720001d}</UniqueIdentifier>
    </Filter>
    <Filter Include="Shaders\FX">
      <UniqueIdentifier>{643c3a40-4ed8-4d04-ac24-31d66d2ea136}</UniqueIdentifier>
    </Filter>
    <Filter Include="Shaders\Character">
      <UniqueIdentifier>{f33e0882-22ee-458c-bf30-a739f5973432}</UniqueIdentifier>
    </Filter>
    <Filter Include="Shaders\Environment">
      <UniqueIdentifier>{1f204a64-f111-45dc-876f-967889263bf6}</UniqueIdentifier>
    </Filter>
    <Filter Include="Shaders\Lights">
      <UniqueIdentifier>{23ccd1a4-90d2-42cb-9d56-88b847978266}</UniqueIdentifier>
    </Filter>
    <Filter Include="Shaders\Weapons">
      <UniqueIdentifier>{0660bacb-6b2f-4135-9e29-205faee3d441}</UniqueIdentifier>
    </Filter>
  </ItemGroup>
  <ItemGroup>
    <None Include="ReadMe.txt" />
    <None Include="GameBase.ico">
      <Filter>Source Files</Filter>
    </None>
    <None Include="small.ico">
      <Filter>Source Files</Filter>
    </None>
    <None Include="assets\shaders\skyBox.kbShader">
      <Filter>Shaders</Filter>
    </None>
    <None Include="assets\shaders\basicTerrain.kbShader">
      <Filter>Shaders</Filter>
    </None>
    <None Include="assets\shaders\grass.kbShader">
      <Filter>Shaders</Filter>
    </None>
    <None Include="assets\shaders\baseHoloscope.kbShader">
      <Filter>Shaders</Filter>
    </None>
    <None Include="assets\shaders\baseWeapon.kbShader">
      <Filter>Shaders</Filter>
    </None>
    <None Include="assets\shaders\firstPersonHands.kbshader">
      <Filter>Shaders</Filter>
    </None>
    <None Include="assets\shaders\shellTrailParticle.kbShader">
      <Filter>Shaders</Filter>
    </None>
    <None Include="assets\shaders\environment_hole.kbShader">
      <Filter>Shaders</Filter>
    </None>
    <None Include="assets\shaders\shellCasing.kbShader">
      <Filter>Shaders</Filter>
    </None>
    <None Include="assets\shaders\particleAtlas.kbShader">
      <Filter>Shaders</Filter>
    </None>
    <None Include="assets\shaders\DamageGen\pokeyholeunwrap.kbShader">
      <Filter>Shaders\DamageGen</Filter>
    </None>
    <None Include="assets\shaders\DamageGen\collisionMapDamageGen.kbShader">
      <Filter>Shaders\DamageGen</Filter>
    </None>
    <None Include="assets\shaders\FX\basicFire.kbShader">
      <Filter>Shaders\FX</Filter>
    </None>
    <None Include="assets\shaders\FX\basicSmoke.kbShader">
      <Filter>Shaders\FX</Filter>
    </None>
    <None Include="assets\shaders\FX\emberParticle.kbShader">
      <Filter>Shaders\FX</Filter>
    </None>
    <None Include="assets\shaders\DamageGen\collisionMapScorchGen.kbShader">
      <Filter>Shaders\DamageGen</Filter>
    </None>
    <None Include="assets\shaders\DamageGen\collisionMapTimeGen.kbShader">
      <Filter>Shaders\DamageGen</Filter>
    </None>
    <None Include="assets\shaders\Character\characterBase.kbShader">
      <Filter>Shaders\Character</Filter>
    </None>
    <None Include="assets\shaders\Character\characterTranslucent.kbShader">
      <Filter>Shaders\Character</Filter>
    </None>
    <None Include="assets\shaders\Character\characterMetal.kbShader">
      <Filter>Shaders\Character</Filter>
    </None>
    <None Include="assets\shaders\Character\characterHair.kbShader">
      <Filter>Shaders\Character</Filter>
    </None>
    <None Include="assets\shaders\Environment\environmentBase.kbShader">
      <Filter>Shaders\Environment</Filter>
    </None>
    <None Include="assets\shaders\Environment\environmentHole.kbShader">
      <Filter>Shaders\Environment</Filter>
    </None>
    <None Include="assets\shaders\Environment\basicTerrain.kbShader">
      <Filter>Shaders\Environment</Filter>
    </None>
    <None Include="assets\shaders\Environment\grass.kbShader">
      <Filter>Shaders\Environment</Filter>
    </None>
    <None Include="assets\shaders\Character\characterGlow.kbShader">
      <Filter>Shaders\Character</Filter>
    </None>
    <None Include="assets\shaders\Lights\charEnviroPointLight.kbShader">
      <Filter>Shaders\Lights</Filter>
    </None>
    <None Include="assets\shaders\Lights\directionalLightToon.kbShader">
      <Filter>Shaders\Lights</Filter>
    </None>
    <None Include="assets\shaders\Lights\environmentDirectionalFill.kbShader">
      <Filter>Shaders\Lights</Filter>
    </None>
    <None Include="assets\shaders\Weapons\baseHoloscope.kbShader">
      <Filter>Shaders\Weapons</Filter>
    </None>
    <None Include="assets\shaders\Weapons\baseWeapon.kbShader">
      <Filter>Shaders\Weapons</Filter>
    </None>
    <None Include="assets\shaders\Weapons\shellCasing.kbShader">
      <Filter>Shaders\Weapons</Filter>
    </None>
    <None Include="assets\shaders\Lights\charEnviroCylinderLight.kbShader">
      <Filter>Shaders\Lights</Filter>
    </None>
    <None Include="assets\shaders\Character\characterMetalDull.kbShader">
      <Filter>Shaders\Character</Filter>
    </None>
    <None Include="assets\shaders\Character\firstPersonHands.kbshader">
      <Filter>Shaders\Character</Filter>
    </None>
    <None Include="assets\shaders\Environment\environmentSkinned.kbShader">
      <Filter>Shaders\Environment</Filter>
    </None>
    <None Include="assets\shaders\FX\Particle_BlendAdd.kbShader">
      <Filter>Shaders\FX</Filter>
    </None>
    <None Include="assets\shaders\FX\particleAtlas.kbShader">
      <Filter>Shaders\FX</Filter>
    </None>
    <None Include="assets\shaders\FX\additiveBlend.kbShader">
      <Filter>Shaders\FX</Filter>
    </None>
  </ItemGroup>
  <ItemGroup>
    <ClInclude Include="GameBase.h">
      <Filter>Source Files</Filter>
    </ClInclude>
    <ClInclude Include="Resource.h">
      <Filter>Source Files</Filter>
    </ClInclude>
    <ClInclude Include="stdafx.h">
      <Filter>Source Files</Filter>
    </ClInclude>
    <ClInclude Include="targetver.h">
      <Filter>Source Files</Filter>
    </ClInclude>
    <ClInclude Include="Ether\EtherGame.h">
      <Filter>Source Files\Ether</Filter>
    </ClInclude>
    <ClInclude Include="ether\EtherSkelModel.h">
      <Filter>Source Files\Ether</Filter>
    </ClInclude>
    <ClInclude Include="Ether\EtherWeapon.h">
      <Filter>Source Files\Ether\Game Logic</Filter>
    </ClInclude>
    <ClInclude Include="Ether\EtherPlayer.h">
      <Filter>Source Files\Ether\Game Logic</Filter>
    </ClInclude>
    <ClInclude Include="Ether\EtherAI.h">
      <Filter>Source Files\Ether\Game Logic</Filter>
    </ClInclude>
    <ClInclude Include="Ether\EtherActor.h">
      <Filter>Source Files\Ether\Game Logic</Filter>
    </ClInclude>
    <ClInclude Include="Ether\EtherTypeInfoGeneratedClasses.h">
      <Filter>Source Files\Ether</Filter>
    </ClInclude>
    <ClInclude Include="ether\EtherWorldGen.h">
      <Filter>Source Files\Ether</Filter>
    </ClInclude>
  </ItemGroup>
  <ItemGroup>
    <ClCompile Include="stdafx.cpp">
      <Filter>Source Files</Filter>
    </ClCompile>
    <ClCompile Include="GameBase.cpp">
      <Filter>Source Files</Filter>
    </ClCompile>
    <ClCompile Include="Ether\EtherSkelModel.cpp">
      <Filter>Source Files\Ether</Filter>
    </ClCompile>
    <ClCompile Include="Ether\EtherWeapon.cpp">
      <Filter>Source Files\Ether\Game Logic</Filter>
    </ClCompile>
    <ClCompile Include="Ether\EtherAI.cpp">
      <Filter>Source Files\Ether\Game Logic</Filter>
    </ClCompile>
    <ClCompile Include="Ether\EtherActor.cpp">
      <Filter>Source Files\Ether\Game Logic</Filter>
    </ClCompile>
    <ClCompile Include="Ether\EtherTypeInfoGeneratedClasses.cpp">
      <Filter>Source Files\Ether</Filter>
    </ClCompile>
    <ClCompile Include="Ether\EtherTerrainGenJob.cpp">
      <Filter>Source Files\Ether</Filter>
    </ClCompile>
    <ClCompile Include="Ether\EtherWorldGen.cpp">
      <Filter>Source Files\Ether</Filter>
    </ClCompile>
    <ClCompile Include="Ether\EtherGame.cpp">
      <Filter>Source Files\Ether</Filter>
    </ClCompile>
    <ClCompile Include="Ether\EtherPlayer.cpp">
      <Filter>Source Files\Ether\Game Logic</Filter>
    </ClCompile>
  </ItemGroup>
  <ItemGroup>
    <ResourceCompile Include="GameBase.rc">
      <Filter>Source Files</Filter>
    </ResourceCompile>
  </ItemGroup>
</Project>