<?xml version="1.0" encoding="utf-8"?>
<Project ToolsVersion="4.0" xmlns="http://schemas.microsoft.com/developer/msbuild/2003">
  <ItemGroup>
    <ClInclude Include="Source\Game\CannonPlayer.h">
      <Filter>Source\Game</Filter>
    </ClInclude>
    <ClInclude Include="stdafx.h">
      <Filter>Source\Win</Filter>
    </ClInclude>
    <ClInclude Include="targetver.h">
      <Filter>Source\Win</Filter>
    </ClInclude>
    <ClInclude Include="Resource.h">
      <Filter>Source\Win</Filter>
    </ClInclude>
    <ClInclude Include="Source\Game\CannonTypeInfoGeneratedClasses.h">
      <Filter>Source\Game</Filter>
    </ClInclude>
    <ClInclude Include="Source\Game\CannonGame.h">
      <Filter>Source\Game</Filter>
    </ClInclude>
    <ClInclude Include="Source\Win\CannonBall.h">
      <Filter>Source\Win</Filter>
    </ClInclude>
  </ItemGroup>
  <ItemGroup>
    <None Include="assets\shaders\Character\CharacterBase.kbShader">
      <Filter>Shaders\Characters</Filter>
    </None>
    <None Include="assets\shaders\Character\characterOutline.kbShader">
      <Filter>Shaders\Characters</Filter>
    </None>
    <None Include="assets\shaders\Environment\environmentBase.kbShader">
      <Filter>Shaders\Environment</Filter>
    </None>
    <None Include="CannonBall.ico">
      <Filter>Source\Win</Filter>
    </None>
    <None Include="small.ico">
      <Filter>Source\Win</Filter>
    </None>
  </ItemGroup>
  <ItemGroup>
    <Filter Include="Shaders">
      <UniqueIdentifier>{5bdba277-345a-40c2-adf9-24d886f33156}</UniqueIdentifier>
    </Filter>
    <Filter Include="Shaders\Characters">
      <UniqueIdentifier>{70eff587-d687-4d3d-bc0a-66bfd60b2f09}</UniqueIdentifier>
    </Filter>
    <Filter Include="Shaders\Environment">
      <UniqueIdentifier>{743a5ff9-3b82-431f-9187-09f5990986b1}</UniqueIdentifier>
    </Filter>
    <Filter Include="Source">
      <UniqueIdentifier>{0c57f1d9-3818-4a43-a5eb-0eb7091f4c82}</UniqueIdentifier>
    </Filter>
    <Filter Include="Source\Game">
      <UniqueIdentifier>{a0750529-3dd1-424d-9a64-19495e9b2c07}</UniqueIdentifier>
    </Filter>
    <Filter Include="Source\Win">
      <UniqueIdentifier>{79a132ad-a0fc-4c2e-abb1-ef8e3a2ed775}</UniqueIdentifier>
    </Filter>
  </ItemGroup>
  <ItemGroup>
    <ClCompile Include="Source\Game\CannonPlayer.cpp">
      <Filter>Source\Game</Filter>
    </ClCompile>
    <ClCompile Include="stdafx.cpp">
      <Filter>Source\Win</Filter>
    </ClCompile>
    <ClCompile Include="Source\Game\CannonTypeInfoGeneratedClasses.cpp">
      <Filter>Source\Game</Filter>
    </ClCompile>
    <ClCompile Include="Source\Game\CannonGame.cpp">
      <Filter>Source\Game</Filter>
    </ClCompile>
    <ClCompile Include="Source\Win\CannonBall.cpp">
      <Filter>Source\Win</Filter>
    </ClCompile>
  </ItemGroup>
  <ItemGroup>
    <ResourceCompile Include="CannonBall.rc">
      <Filter>Source\Win</Filter>
    </ResourceCompile>
  </ItemGroup>
</Project>